<?xml version="1.0" encoding="utf-8"?>
<Project ToolsVersion="4.0" xmlns="http://schemas.microsoft.com/developer/msbuild/2003">
  <ItemGroup>
    <Filter Include="源文件">
      <UniqueIdentifier>{72c3fc7e-cb8b-40c5-891f-f88bdbed7f85}</UniqueIdentifier>
      <Extensions>cpp;c;cxx;rc;def;r;odl;idl;hpj;bat</Extensions>
    </Filter>
    <Filter Include="头文件">
      <UniqueIdentifier>{0fc9a71e-02db-4e6f-99c5-31afcaf35fb6}</UniqueIdentifier>
      <Extensions>h;hpp;hxx;hm;inl</Extensions>
    </Filter>
  </ItemGroup>
  <ItemGroup>
    <ClCompile Include="main.cpp">
      <Filter>源文件</Filter>
    </ClCompile>
    <ClCompile Include="Power0.cpp">
      <Filter>源文件</Filter>
    </ClCompile>
    <ClCompile Include="Power1.cpp">
      <Filter>源文件</Filter>
    </ClCompile>
    <ClCompile Include="Power2-0-I.cpp">
      <Filter>源文件</Filter>
    </ClCompile>
    <ClCompile Include="Power2-0-R.cpp">
      <Filter>源文件</Filter>
    </ClCompile>
    <ClCompile Include="Power2-1-I.cpp">
      <Filter>源文件</Filter>
    </ClCompile>
    <ClCompile Include="Power2-1-R.cpp">
      <Filter>源文件</Filter>
    </ClCompile>
  </ItemGroup>
</Project>